
Microsoft Visual Studio Solution File, Format Version 12.00
# Visual Studio 2013
VisualStudioVersion = 12.0.31101.0
MinimumVisualStudioVersion = 10.0.40219.1
Project("{FAE04EC0-301F-11D3-BF4B-00C04F79EFBC}") = "SunMoonBand", "SunMoonBand\SunMoonBand.csproj", "{0A3036A2-3585-4C08-8099-7BB2F36C276A}"
EndProject
Project("{FAE04EC0-301F-11D3-BF4B-00C04F79EFBC}") = "SunMoonBandCommon", "SunMoonBandCommon\SunMoonBandCommon.csproj", "{F32741F5-F978-4098-80A9-E03B78B73F49}"
EndProject
Project("{FAE04EC0-301F-11D3-BF4B-00C04F79EFBC}") = "SunMoonBandTask", "SunMoonBandTask\SunMoonBandTask.csproj", "{9889964D-D36A-4DCA-97DA-D08D82095097}"
EndProject
Global
	GlobalSection(SolutionConfigurationPlatforms) = preSolution
		Debug|Any CPU = Debug|Any CPU
		Debug|ARM = Debug|ARM
		Debug|x86 = Debug|x86
		Release|Any CPU = Release|Any CPU
		Release|ARM = Release|ARM
		Release|x86 = Release|x86
	EndGlobalSection
	GlobalSection(ProjectConfigurationPlatforms) = postSolution
		{0A3036A2-3585-4C08-8099-7BB2F36C276A}.Debug|Any CPU.ActiveCfg = Debug|Any CPU
		{0A3036A2-3585-4C08-8099-7BB2F36C276A}.Debug|Any CPU.Build.0 = Debug|Any CPU
		{0A3036A2-3585-4C08-8099-7BB2F36C276A}.Debug|Any CPU.Deploy.0 = Debug|Any CPU
		{0A3036A2-3585-4C08-8099-7BB2F36C276A}.Debug|ARM.ActiveCfg = Debug|ARM
		{0A3036A2-3585-4C08-8099-7BB2F36C276A}.Debug|ARM.Build.0 = Debug|ARM
		{0A3036A2-3585-4C08-8099-7BB2F36C276A}.Debug|ARM.Deploy.0 = Debug|ARM
		{0A3036A2-3585-4C08-8099-7BB2F36C276A}.Debug|x86.ActiveCfg = Debug|x86
		{0A3036A2-3585-4C08-8099-7BB2F36C276A}.Debug|x86.Build.0 = Debug|x86
		{0A3036A2-3585-4C08-8099-7BB2F36C276A}.Debug|x86.Deploy.0 = Debug|x86
		{0A3036A2-3585-4C08-8099-7BB2F36C276A}.Release|Any CPU.ActiveCfg = Release|Any CPU
		{0A3036A2-3585-4C08-8099-7BB2F36C276A}.Release|Any CPU.Build.0 = Release|Any CPU
		{0A3036A2-3585-4C08-8099-7BB2F36C276A}.Release|Any CPU.Deploy.0 = Release|Any CPU
		{0A3036A2-3585-4C08-8099-7BB2F36C276A}.Release|ARM.ActiveCfg = Release|ARM
		{0A3036A2-3585-4C08-8099-7BB2F36C276A}.Release|ARM.Build.0 = Release|ARM
		{0A3036A2-3585-4C08-8099-7BB2F36C276A}.Release|ARM.Deploy.0 = Release|ARM
		{0A3036A2-3585-4C08-8099-7BB2F36C276A}.Release|x86.ActiveCfg = Release|x86
		{0A3036A2-3585-4C08-8099-7BB2F36C276A}.Release|x86.Build.0 = Release|x86
		{0A3036A2-3585-4C08-8099-7BB2F36C276A}.Release|x86.Deploy.0 = Release|x86
		{F32741F5-F978-4098-80A9-E03B78B73F49}.Debug|Any CPU.ActiveCfg = Debug|Any CPU
		{F32741F5-F978-4098-80A9-E03B78B73F49}.Debug|Any CPU.Build.0 = Debug|Any CPU
		{F32741F5-F978-4098-80A9-E03B78B73F49}.Debug|ARM.ActiveCfg = Debug|ARM
		{F32741F5-F978-4098-80A9-E03B78B73F49}.Debug|ARM.Build.0 = Debug|ARM
		{F32741F5-F978-4098-80A9-E03B78B73F49}.Debug|x86.ActiveCfg = Debug|x86
		{F32741F5-F978-4098-80A9-E03B78B73F49}.Debug|x86.Build.0 = Debug|x86
		{F32741F5-F978-4098-80A9-E03B78B73F49}.Release|Any CPU.ActiveCfg = Release|Any CPU
		{F32741F5-F978-4098-80A9-E03B78B73F49}.Release|Any CPU.Build.0 = Release|Any CPU
		{F32741F5-F978-4098-80A9-E03B78B73F49}.Release|ARM.ActiveCfg = Release|ARM
		{F32741F5-F978-4098-80A9-E03B78B73F49}.Release|ARM.Build.0 = Release|ARM
		{F32741F5-F978-4098-80A9-E03B78B73F49}.Release|x86.ActiveCfg = Release|x86
		{F32741F5-F978-4098-80A9-E03B78B73F49}.Release|x86.Build.0 = Release|x86
		{9889964D-D36A-4DCA-97DA-D08D82095097}.Debug|Any CPU.ActiveCfg = Debug|Any CPU
		{9889964D-D36A-4DCA-97DA-D08D82095097}.Debug|Any CPU.Build.0 = Debug|Any CPU
		{9889964D-D36A-4DCA-97DA-D08D82095097}.Debug|ARM.ActiveCfg = Debug|ARM
		{9889964D-D36A-4DCA-97DA-D08D82095097}.Debug|ARM.Build.0 = Debug|ARM
		{9889964D-D36A-4DCA-97DA-D08D82095097}.Debug|x86.ActiveCfg = Debug|x86
		{9889964D-D36A-4DCA-97DA-D08D82095097}.Debug|x86.Build.0 = Debug|x86
		{9889964D-D36A-4DCA-97DA-D08D82095097}.Release|Any CPU.ActiveCfg = Release|Any CPU
		{9889964D-D36A-4DCA-97DA-D08D82095097}.Release|Any CPU.Build.0 = Release|Any CPU
		{9889964D-D36A-4DCA-97DA-D08D82095097}.Release|ARM.ActiveCfg = Release|ARM
		{9889964D-D36A-4DCA-97DA-D08D82095097}.Release|ARM.Build.0 = Release|ARM
		{9889964D-D36A-4DCA-97DA-D08D82095097}.Release|x86.ActiveCfg = Release|x86
		{9889964D-D36A-4DCA-97DA-D08D82095097}.Release|x86.Build.0 = Release|x86
	EndGlobalSection
	GlobalSection(SolutionProperties) = preSolution
		HideSolutionNode = FALSE
	EndGlobalSection
EndGlobal
